{
    "_meta": {
        "hash": {
            "sha256": "14bbf5fea91906697143d0e392feb89d2dc907c1ff0e74bc8fdc0fa30e8aa23b"
        },
        "pipfile-spec": 6,
        "requires": {
            "python_version": "3.6"
        },
        "sources": [
            {
                "name": "pypi",
                "url": "https://pypi.org/simple",
                "verify_ssl": true
            }
        ]
    },
    "default": {
        "absl-py": {
            "hashes": [
                "sha256:afe94e3c751ff81aad55d33ab6e630390da32780110b5af72ae81ecff8418d9e",
                "sha256:b44f68984a5ceb2607d135a615999b93924c771238a63920d17d3387b0d229d5"
            ],
            "version": "==0.12.0"
        },
        "astor": {
            "hashes": [
                "sha256:070a54e890cefb5b3739d19f30f5a5ec840ffc9c50ffa7d23cc9fc1a38ebbfc5",
                "sha256:6a6effda93f4e1ce9f618779b2dd1d9d84f1e32812c23a29b3fff6fd7f63fa5e"
            ],
            "version": "==0.8.1"
        },
        "bz2file": {
            "hashes": [
                "sha256:64c1f811e31556ba9931953c8ec7b397488726c63e09a4c67004f43bdd28da88"
            ],
            "version": "==0.98"
        },
        "cached-property": {
            "hashes": [
                "sha256:9fa5755838eecbb2d234c3aa390bd80fbd3ac6b6869109bfc1b499f7bd89a130",
                "sha256:df4f613cf7ad9a588cc381aaf4a512d26265ecebd5eb9e1ba12f1319eb85a6a0"
            ],
            "markers": "python_version < '3.8'",
            "version": "==1.5.2"
        },
        "cycler": {
            "hashes": [
                "sha256:1d8a5ae1ff6c5cf9b93e8811e581232ad8920aeec647c37316ceac982b08cb2d",
                "sha256:cd7b2d1018258d7247a71425e9f26463dfb444d411c39569972f4ce586b0c9d8"
            ],
            "version": "==0.10.0"
        },
        "gast": {
            "hashes": [
                "sha256:40feb7b8b8434785585ab224d1568b857edb18297e5a3047f1ba012bc83b42c1",
                "sha256:b7adcdd5adbebf1adf17378da5ba3f543684dbec47b1cda1f3997e573cd542c4"
            ],
            "version": "==0.4.0"
        },
        "grpcio": {
            "hashes": [
                "sha256:02030e1afd3247f2b159df9dff959ec79dd4047b1c4dd4eec9e3d1642efbd504",
                "sha256:0648a6d5d7ddcd9c8462d7d961660ee024dad6b88152ee3a521819e611830edf",
                "sha256:09af8ceb91860086216edc6e5ea15f9beb2cf81687faa43b7c03216f5b73e244",
                "sha256:1030e74ddd0fa6e3bad7944f0c68cf1251b15bcd70641f0ad3858fdf2b8602a0",
                "sha256:1056b558acfd575d774644826df449e1402a03e456a3192fafb6b06d1069bf80",
                "sha256:20b7c4c5513e1135a2261e56830c0e710f205fee92019b92fe132d7f16a5cfd8",
                "sha256:216fbd2a488e74c3b96e240e4054c85c4c99102a439bc9f556936991643f43bc",
                "sha256:24d4c2c5e540e666c52225953d6813afc8ccf9bf46db6a72edd4e8d606656248",
                "sha256:2abaa9f0d83bd0b26f6d0d1fc4b97d73bde3ceac36ab857f70d3cabcf31c5c79",
                "sha256:3a6295aa692806218e97bb687a71cd768450ed99e2acddc488f18d738edef463",
                "sha256:3c5204e05e18268dd6a1099ca6c106fd9d00bcae1e37d5a5186094c55044c941",
                "sha256:3e75643d21db7d68acd541d3fec66faaa8061d12b511e101b529ff12a276bb9b",
                "sha256:45ea10dd133a43b10c0b4326834107ebccfee25dab59b312b78e018c2d72a1f0",
                "sha256:4c05ed54b2a00df01e633bebec819b512bf0c60f8f5b3b36dd344dc673b02fea",
                "sha256:4dc7295dc9673f7af22c1e38c2a2c24ecbd6773a4c5ed5a46ed38ad4dcf2bf6c",
                "sha256:52ec563da45d06319224ebbda53501d25594de64ee1b2786e119ba4a2f1ce40c",
                "sha256:5378189fb897567f4929f75ab67a3e0da4f8967806246cb9cfa1fa06bfbdb0d5",
                "sha256:5e4920a8fb5d17b2c5ba980db0ac1c925bbee3e5d70e96da3ec4fb1c8600d68f",
                "sha256:6b30682180053eebc87802c2f249d2f59b430e1a18e8808575dde0d22a968b2c",
                "sha256:6f6f8a8b57e40347d0bf32c2135037dae31d63d3b19007b4c426a11b76deaf65",
                "sha256:76daa3c4d58fcf40f7969bdb4270335e96ee0382a050cadcd97d7332cd0251a3",
                "sha256:7863c2a140e829b1f4c6d67bf0bf15e5321ac4766d0a295e2682970d9dd4b091",
                "sha256:7cbeac9bbe6a4a7fce4a89c892c249135dd9f5f5219ede157174c34a456188f0",
                "sha256:7e32bc01dfaa7a51c547379644ea619a2161d6969affdac3bbd173478d26673d",
                "sha256:85a6035ae75ce964f78f19cf913938596ccf068b149fcd79f4371268bcb9aa7c",
                "sha256:8a89190de1985a54ef311650cf9687ffb81de038973fd32e452636ddae36b29f",
                "sha256:9a18299827a70be0507f98a65393b1c7f6c004fe2ca995fe23ffac534dd187a7",
                "sha256:a602d6b30760bbbb2fe776caaa914a0d404636cafc3f2322718bf8002d7b1e55",
                "sha256:a66ea59b20f3669df0f0c6a3bd57b985e5b2d1dcf3e4c29819bb8dc232d0fd38",
                "sha256:b003e24339030ed356f59505d1065b89e1f443ef41ce71ca9069be944c0d2e6b",
                "sha256:bab743cdac1d6d8326c65d1d091d0740b39966dfab06519f74a03b3d128b8454",
                "sha256:c18739fecb90760b183bfcb4da1cf2c6bf57e38f7baa2c131d5f67d9a4c8365d",
                "sha256:cbd82c479338fc1c0e5c3db09752b61fe47d40c6e38e4be8657153712fa76674",
                "sha256:dee9971aef20fc09ed897420446c4d0926cd1d7630f343333288523ca5b44bb2",
                "sha256:e1b9e906aa6f7577016e86ed7f3a69cae7dab4e41356584dc7980f76ea65035f",
                "sha256:e3a83c5db16f95daac1d96cf3c9018d765579b5a29bb336758d793028e729921",
                "sha256:eafafc7e040e36aa926edc731ab52c23465981888779ae64bfc8ad85888ed4f3",
                "sha256:ec753c022b39656f88409fbf9f2d3b28497e3f17aa678f884d78776b41ebe6bd",
                "sha256:ed16bfeda02268e75e038c58599d52afc7097d749916c079b26bc27a66900f7d",
                "sha256:f214076eb13da9e65c1aa9877b51fca03f51a82bd8691358e1a1edd9ff341330",
                "sha256:f22c11772eff25ba1ca536e760b8c34ba56f2a9d66b6842cb11770a8f61f879d",
                "sha256:f241116d4bf1a8037ff87f16914b606390824e50902bdbfa2262e855fbf07fe5",
                "sha256:f3f70505207ee1cee65f60a799fd8e06e07861409aa0d55d834825a79b40c297",
                "sha256:f591597bb25eae0094ead5a965555e911453e5f35fdbdaa83be11ef107865697",
                "sha256:f6efa62ca1fe02cd34ec35f53446f04a15fe2c886a4e825f5679936a573d2cbf",
                "sha256:f7740d9d9451f3663df11b241ac05cafc0efaa052d2fdca6640c4d3748eaf6e2"
            ],
            "version": "==1.36.1"
        },
        "h5py": {
            "hashes": [
                "sha256:02c391fdb980762a1cc03a4bcaecd03dc463994a9a63a02264830114a96e111f",
                "sha256:1cd367f89a5441236bdbb795e9fb9a9e3424929c00b4a54254ca760437f83d69",
                "sha256:1cdfd1c5449ca1329d152f0b66830e93226ebce4f5e07dd8dc16bfc2b1a49d7b",
                "sha256:1e2516f190652beedcb8c7acfa1c6fa92d99b42331cbef5e5c7ec2d65b0fc3c2",
                "sha256:236ac8d943be30b617ab615c3d4a4bf4a438add2be87e54af3687ab721a18fac",
                "sha256:2e37352ddfcf9d77a2a47f7c8f7e125c6d20cc06c2995edeb7be222d4e152636",
                "sha256:80c623be10479e81b64fa713b7ed4c0bbe9f02e8e7d2a2e5382336087b615ce4",
                "sha256:ba71f6229d2013fbb606476ecc29c6223fc16b244d35fcd8566ad9dbaf910857",
                "sha256:cb74df83709d6d03d11e60b9480812f58da34f194beafa8c8314dbbeeedfe0a6",
                "sha256:dccb89358bc84abcd711363c3e138f9f4eccfdf866f2139a8e72308328765b2c",
                "sha256:e33f61d3eb862614c0f273a1f993a64dc2f093e1a3094932c50ada9d2db2170f",
                "sha256:f89a3dae38843ffa49d17a31a3509a8129e9b46ece602a0138e1ed79e685c361",
                "sha256:fea05349f63625a8fb808e57e42bb4c76930cf5d50ac58b678c52f913a48a89b"
            ],
            "version": "==3.1.0"
        },
        "importlib-metadata": {
            "hashes": [
                "sha256:742add720a20d0467df2f444ae41704000f50e1234f46174b51f9c6031a1bd71",
                "sha256:b74159469b464a99cb8cc3e21973e4d96e05d3024d337313fedb618a6e86e6f4"
            ],
            "markers": "python_version < '3.8'",
            "version": "==3.7.3"
        },
        "joblib": {
            "hashes": [
                "sha256:9c17567692206d2f3fb9ecf5e991084254fe631665c450b443761c4186a613f7",
                "sha256:feeb1ec69c4d45129954f1b7034954241eedfd6ba39b5e9e4b6883be3332d5e5"
            ],
            "version": "==1.0.1"
        },
        "keras": {
            "hashes": [
                "sha256:794d0c92c6c4122f1f0fcf3a7bc2f49054c6a54ddbef8d8ffafca62795d760b6",
                "sha256:90b610a3dbbf6d257b20a079eba3fdf2eed2158f64066a7c6f7227023fd60bc9"
            ],
            "index": "pypi",
            "version": "==2.2.4"
        },
        "keras-applications": {
            "hashes": [
                "sha256:5579f9a12bcde9748f4a12233925a59b93b73ae6947409ff34aa2ba258189fe5",
                "sha256:df4323692b8c1174af821bf906f1e442e63fa7589bf0f1230a0b6bdc5a810c95"
            ],
            "version": "==1.0.8"
        },
        "keras-preprocessing": {
            "hashes": [
                "sha256:7b82029b130ff61cc99b55f3bd27427df4838576838c5b2f65940e4fcec99a7b",
                "sha256:add82567c50c8bc648c14195bf544a5ce7c1f76761536956c3d2978970179ef3"
            ],
            "version": "==1.1.2"
        },
        "kiwisolver": {
            "hashes": [
                "sha256:0cd53f403202159b44528498de18f9285b04482bab2a6fc3f5dd8dbb9352e30d",
                "sha256:1e1bc12fb773a7b2ffdeb8380609f4f8064777877b2225dec3da711b421fda31",
                "sha256:225e2e18f271e0ed8157d7f4518ffbf99b9450fca398d561eb5c4a87d0986dd9",
                "sha256:232c9e11fd7ac3a470d65cd67e4359eee155ec57e822e5220322d7b2ac84fbf0",
                "sha256:31dfd2ac56edc0ff9ac295193eeaea1c0c923c0355bf948fbd99ed6018010b72",
                "sha256:33449715e0101e4d34f64990352bce4095c8bf13bed1b390773fc0a7295967b3",
                "sha256:401a2e9afa8588589775fe34fc22d918ae839aaaf0c0e96441c0fdbce6d8ebe6",
                "sha256:44a62e24d9b01ba94ae7a4a6c3fb215dc4af1dde817e7498d901e229aaf50e4e",
                "sha256:50af681a36b2a1dee1d3c169ade9fdc59207d3c31e522519181e12f1b3ba7000",
                "sha256:563c649cfdef27d081c84e72a03b48ea9408c16657500c312575ae9d9f7bc1c3",
                "sha256:5989db3b3b34b76c09253deeaf7fbc2707616f130e166996606c284395da3f18",
                "sha256:5a7a7dbff17e66fac9142ae2ecafb719393aaee6a3768c9de2fd425c63b53e21",
                "sha256:5c3e6455341008a054cccee8c5d24481bcfe1acdbc9add30aa95798e95c65621",
                "sha256:5f6ccd3dd0b9739edcf407514016108e2280769c73a85b9e59aa390046dbf08b",
                "sha256:72c99e39d005b793fb7d3d4e660aed6b6281b502e8c1eaf8ee8346023c8e03bc",
                "sha256:78751b33595f7f9511952e7e60ce858c6d64db2e062afb325985ddbd34b5c131",
                "sha256:834ee27348c4aefc20b479335fd422a2c69db55f7d9ab61721ac8cd83eb78882",
                "sha256:8be8d84b7d4f2ba4ffff3665bcd0211318aa632395a1a41553250484a871d454",
                "sha256:950a199911a8d94683a6b10321f9345d5a3a8433ec58b217ace979e18f16e248",
                "sha256:a357fd4f15ee49b4a98b44ec23a34a95f1e00292a139d6015c11f55774ef10de",
                "sha256:a53d27d0c2a0ebd07e395e56a1fbdf75ffedc4a05943daf472af163413ce9598",
                "sha256:acef3d59d47dd85ecf909c359d0fd2c81ed33bdff70216d3956b463e12c38a54",
                "sha256:b38694dcdac990a743aa654037ff1188c7a9801ac3ccc548d3341014bc5ca278",
                "sha256:b9edd0110a77fc321ab090aaa1cfcaba1d8499850a12848b81be2222eab648f6",
                "sha256:c08e95114951dc2090c4a630c2385bef681cacf12636fb0241accdc6b303fd81",
                "sha256:c5518d51a0735b1e6cee1fdce66359f8d2b59c3ca85dc2b0813a8aa86818a030",
                "sha256:c8fd0f1ae9d92b42854b2979024d7597685ce4ada367172ed7c09edf2cef9cb8",
                "sha256:ca3820eb7f7faf7f0aa88de0e54681bddcb46e485beb844fcecbcd1c8bd01689",
                "sha256:cf8b574c7b9aa060c62116d4181f3a1a4e821b2ec5cbfe3775809474113748d4",
                "sha256:d3155d828dec1d43283bd24d3d3e0d9c7c350cdfcc0bd06c0ad1209c1bbc36d0",
                "sha256:f8d6f8db88049a699817fd9178782867bf22283e3813064302ac59f61d95be05",
                "sha256:fd34fbbfbc40628200730bc1febe30631347103fc8d3d4fa012c21ab9c11eca9"
            ],
            "version": "==1.3.1"
        },
        "markdown": {
            "hashes": [
                "sha256:31b5b491868dcc87d6c24b7e3d19a0d730d59d3e46f4eea6430a321bed387a49",
                "sha256:96c3ba1261de2f7547b46a00ea8463832c921d3f9d6aba3f255a6f71386db20c"
            ],
            "version": "==3.3.4"
        },
        "matplotlib": {
            "hashes": [
                "sha256:1ae6549976b6ceb6ee426272a28c0fc9715b3e3669694d560c8f661c5b39e2c5",
                "sha256:4d4250bf508dd07cca3b43888097f873cadb66eec6ac63dbbfb798798ec07af2",
                "sha256:53af2e01d7f1700ed2b64a9091bc865360c9c4032f625451c4589a826854c787",
                "sha256:63e498067d32d627111cd1162cae1621f1221f9d4c6a9745dd7233f29de581b6",
                "sha256:7169a34971e398dd58e87e173f97366fd88a3fa80852704530433eb224a8ca57",
                "sha256:91c54d6bb9eeaaff965656c5ea6cbdcbf780bad8462ac99b30b451548194746f",
                "sha256:aeef177647bb3fccfe09065481989d7dfc5ac59e9367d6a00a3481062cf651e4",
                "sha256:cf8ae10559a78aee0409ede1e9d4fda03895433eeafe609dd9ed67e45f552db0",
                "sha256:d51d0889d1c4d51c51a9822265c0494ea3e70a52bdd88358e0863daca46fa23a",
                "sha256:de5ccd3500247f85fe4f9fad90f80a8bd397e4f110a4c33fabf95f07403e8372",
                "sha256:e1d33589e32f482d0a7d1957bf473d43341115d40d33f578dad44432e47df7b7",
                "sha256:e8d1939262aa6b36d0c51f50a50a43a04b9618d20db31e6c0192b1463067aeef",
                "sha256:e918d51b1fda82a65fdf52d2f3914b2246481cc2a9cd10e223e6be6078916ff3"
            ],
            "index": "pypi",
            "version": "==3.0.3"
        },
        "mne": {
            "hashes": [
                "sha256:2b933aead5b3c9cbbcf08574c06385d3304cd76365bf65d1173fe02579941dfe"
            ],
            "index": "pypi",
            "version": "==0.17.1"
        },
        "mock": {
            "hashes": [
                "sha256:122fcb64ee37cfad5b3f48d7a7d51875d7031aaf3d8be7c42e2bee25044eee62",
                "sha256:7d3fbbde18228f4ff2f1f119a45cdffa458b4c0dee32eb4d2bb2f82554bac7bc"
            ],
            "version": "==4.0.3"
        },
        "nibabel": {
            "hashes": [
                "sha256:a163dfafda20294c953b46532e26792f92ae8baa861422f5eebab0d2ac9d436c",
                "sha256:b19b757c4667a065559a29b89de6da0956392d2c4c43123dbbd7e6a18320334f",
                "sha256:b6366634c65b04464e62f3a9a8df1faa172f780ed7f1af1c6818b3dc2f1202c3"
            ],
            "index": "pypi",
            "version": "==2.3.3"
        },
        "numpy": {
            "hashes": [
                "sha256:1980f8d84548d74921685f68096911585fee393975f53797614b34d4f409b6da",
                "sha256:22752cd809272671b273bb86df0f505f505a12368a3a5fc0aa811c7ece4dfd5c",
                "sha256:23cc40313036cffd5d1873ef3ce2e949bdee0646c5d6f375bf7ee4f368db2511",
                "sha256:2b0b118ff547fecabc247a2668f48f48b3b1f7d63676ebc5be7352a5fd9e85a5",
                "sha256:3a0bd1edf64f6a911427b608a894111f9fcdb25284f724016f34a84c9a3a6ea9",
                "sha256:3f25f6c7b0d000017e5ac55977a3999b0b1a74491eacb3c1aa716f0e01f6dcd1",
                "sha256:4061c79ac2230594a7419151028e808239450e676c39e58302ad296232e3c2e8",
                "sha256:560ceaa24f971ab37dede7ba030fc5d8fa173305d94365f814d9523ffd5d5916",
                "sha256:62be044cd58da2a947b7e7b2252a10b42920df9520fc3d39f5c4c70d5460b8ba",
                "sha256:6c692e3879dde0b67a9dc78f9bfb6f61c666b4562fd8619632d7043fb5b691b0",
                "sha256:6f65e37b5a331df950ef6ff03bd4136b3c0bbcf44d4b8e99135d68a537711b5a",
                "sha256:7a78cc4ddb253a55971115f8320a7ce28fd23a065fc33166d601f51760eecfa9",
                "sha256:80a41edf64a3626e729a62df7dd278474fc1726836552b67a8c6396fd7e86760",
                "sha256:893f4d75255f25a7b8516feb5766c6b63c54780323b9bd4bc51cdd7efc943c73",
                "sha256:972ea92f9c1b54cc1c1a3d8508e326c0114aaf0f34996772a30f3f52b73b942f",
                "sha256:9f1d4865436f794accdabadc57a8395bd3faa755449b4f65b88b7df65ae05f89",
                "sha256:9f4cd7832b35e736b739be03b55875706c8c3e5fe334a06210f1a61e5c2c8ca5",
                "sha256:adab43bf657488300d3aeeb8030d7f024fcc86e3a9b8848741ea2ea903e56610",
                "sha256:bd2834d496ba9b1bdda3a6cf3de4dc0d4a0e7be306335940402ec95132ad063d",
                "sha256:d20c0360940f30003a23c0adae2fe50a0a04f3e48dc05c298493b51fd6280197",
                "sha256:d3b3ed87061d2314ff3659bb73896e622252da52558f2380f12c421fbdee3d89",
                "sha256:dc235bf29a406dfda5790d01b998a1c01d7d37f449128c0b1b7d1c89a84fae8b",
                "sha256:fb3c83554f39f48f3fa3123b9c24aecf681b1c289f9334f8215c1d3c8e2f6e5b"
            ],
            "index": "pypi",
            "version": "==1.16.2"
        },
        "pipfile": {
            "hashes": [
                "sha256:f7d9f15de8b660986557eb3cc5391aa1a16207ac41bc378d03f414762d36c984"
            ],
            "index": "pypi",
            "version": "==0.0.2"
        },
        "protobuf": {
            "hashes": [
                "sha256:0f2da2fcc4102b6c3b57f03c9d8d5e37c63f8bc74deaa6cb54e0cc4524a77247",
                "sha256:1655fc0ba7402560d749de13edbfca1ac45d1753d8f4e5292989f18f5a00c215",
                "sha256:1771ef20e88759c4d81db213e89b7a1fc53937968e12af6603c658ee4bcbfa38",
                "sha256:1a66261a402d05c8ad8c1fde8631837307bf8d7e7740a4f3941fc3277c2e1528",
                "sha256:24f4697f57b8520c897a401b7f9a5ae45c369e22c572e305dfaf8053ecb49687",
                "sha256:256c0b2e338c1f3228d3280707606fe5531fde85ab9d704cde6fdeb55112531f",
                "sha256:2b974519a2ae83aa1e31cff9018c70bbe0e303a46a598f982943c49ae1d4fcd3",
                "sha256:30fe4249a364576f9594180589c3f9c4771952014b5f77f0372923fc7bafbbe2",
                "sha256:45a91fc6f9aa86d3effdeda6751882b02de628519ba06d7160daffde0c889ff8",
                "sha256:70054ae1ce5dea7dec7357db931fcf487f40ea45b02cb719ee6af07eb1e906fb",
                "sha256:74ac159989e2b02d761188a2b6f4601ff5e494d9b9d863f5ad6e98e5e0c54328",
                "sha256:822ac7f87fc2fb9b24edd2db390538b60ef50256e421ca30d65250fad5a3d477",
                "sha256:83c7c7534f050cb25383bb817159416601d1cc46c40bc5e851ec8bbddfc34a2f",
                "sha256:88d8f21d1ac205eedb6dea943f8204ed08201b081dba2a966ab5612788b9bb1e",
                "sha256:9ec20a6ded7d0888e767ad029dbb126e604e18db744ac0a428cf746e040ccecd",
                "sha256:9ec220d90eda8bb7a7a1434a8aed4fe26d7e648c1a051c2885f3f5725b6aa71a",
                "sha256:b9069e45b6e78412fba4a314ea38b4a478686060acf470d2b131b3a2c50484ec",
                "sha256:d9ed0955b794f1e5f367e27f8a8ff25501eabe34573f003f06639c366ca75f73",
                "sha256:eaada29bbf087dea7d8bce4d1d604fc768749e8809e9c295922accd7c8fce4d5",
                "sha256:eac23a3e56175b710f3da9a9e8e2aa571891fbec60e0c5a06db1c7b1613b5cfd"
            ],
            "version": "==3.15.6"
        },
        "pygame": {
            "hashes": [
                "sha256:06dc92ccfea33b85f209db3d49f99a2a30c88fe9fb80fa2564cee443ece787b5",
                "sha256:0919a2ec5fcb0d00518c2a5fa99858ccf22d7fbcc0e12818b317062d11386984",
                "sha256:0a8c92e700e0042faefa998fa064616f330201890d6ea1c993eb3ff30ab53e99",
                "sha256:220a1048ebb3d11a4d48cc4219ec8f65ca62fcafd255239478677625e8ead2e9",
                "sha256:315861d2b8428f7b4d56d2c98d6c1acc18f08c77af4b129211bc036774f64be2",
                "sha256:3469e87867832fe5226396626a8a6a9dac9b2e21a7819dd8cd96cf0e08bbcd41",
                "sha256:54c19960180626165512d596235d75dc022d38844467cec769a8d8153fd66645",
                "sha256:5ba598736ab9716f53dc943a659a9578f62acfe00c0c9c5490f3aca61d078f75",
                "sha256:60ddc4f361babb30ff2d554132b1f3296490f3149d6c1c77682213563f59937a",
                "sha256:6a49ab8616a9de534f1bf62c98beabf0e0bb0b6ff8917576bba22820bba3fdad",
                "sha256:6d4966eeba652df2fd9a757b3fc5b29b578b47b58f991ad714471661ea2141cb",
                "sha256:700d1781c999af25d11bfd1f3e158ebb660f72ebccb2040ecafe5069d0b2c0b6",
                "sha256:73f4c28e894e76797b8ccaf6eb1205b433efdb803c70f489ebc3db6ac9c097e6",
                "sha256:786eca2bea11abd924f3f67eb2483bcb22acff08f28dbdbf67130abe54b23797",
                "sha256:7bcf586a1c51a735361ca03561979eea3180de45e6165bcdfa12878b752544af",
                "sha256:82a1e93d82c1babceeb278c55012a9f5140e77665d372a6d97ec67786856d254",
                "sha256:9e03589bc80a21ae951fca7659a767b7cac668289937e3756c0ab3d753cf6d24",
                "sha256:aa8926a4e34fb0943abe1a8bb04a0ad82265341bf20064c0862db0a521100dfc",
                "sha256:aa90689b889c417d2ac571ef2bbb5f7e735ae30c7553c60fae7508404f46c101",
                "sha256:c9f8cdefee267a2e690bf17d61a8f5670b620f25a981f24781b034363a8eedc9",
                "sha256:d9177afb2f46103bfc28a51fbc49ce18987a857e5c934db47b4a7030cb30fbd0",
                "sha256:deb0551d4bbfb8131e2463a7fe1943bfcec5beb11acdf9c4bfa27fa5a9758d62",
                "sha256:e7edfe57a5972aa9130ce9a186020a0f097e7a8e4c25e292109bdae1432b77f9",
                "sha256:f0ad32efb9e26160645d62ba6cf3e5a5828dc4e82e8f41f9badfe7b685b07295"
            ],
            "index": "pypi",
            "version": "==1.9.4"
        },
        "pynput": {
            "hashes": [
                "sha256:6afd47beb438cdc9fa250647b2abd6786b7ef2c7bf9b1ff1e3b7cbb797fa6d7a",
                "sha256:92fdd578407433219e63626fb4f1b415b54de5a9b0a2a8fddcb62b690c37a7b6"
            ],
            "index": "pypi",
            "version": "==1.4.2"
        },
        "pyopengl": {
            "hashes": [
                "sha256:9b47c5c3a094fa518ca88aeed35ae75834d53e4285512c61879f67a48c94ddaf",
                "sha256:efa4e39a49b906ccbe66758812ca81ced13a6f26931ab2ba2dba2750c016c0d0"
            ],
            "index": "pypi",
            "version": "==3.1.0"
        },
        "pyparsing": {
            "hashes": [
                "sha256:c203ec8783bf771a155b207279b9bccb8dea02d8f0c9e5f8ead507bc3246ecc1",
                "sha256:ef9d7589ef3c200abe66653d3f1ab1033c3c419ae9b9bdb1240a85b024efc88b"
            ],
            "version": "==2.4.7"
        },
        "pyqt5": {
            "hashes": [
                "sha256:020e8771ad66429587d3db6cceb028be3435e2c65f417dcc8e3b3e644b6ab1d7",
                "sha256:399fd9c3b3786210d9d2a86bc73255cc03c997b454480b7c0daf3e1a09e1ab58",
                "sha256:c0565737d1d5fd40a7e14b6692bfec1f1e1f0be082ae70d1776c44561980e3c4",
                "sha256:d4e88208dfd017636e4b1f407990d0c3b6cf47afed6be4f2fb6ca887ef513e4b"
            ],
            "index": "pypi",
            "version": "==5.12.1"
        },
        "pyqt5-sip": {
            "hashes": [
                "sha256:304acf771b6033cb4bafc415939d227c91265d30664ed643b298d7e95f509f81",
                "sha256:39d2677f4de46ed4d7aa3b612f31c74c881975efe51c6a23fbb1d9382e4cc850",
                "sha256:54b99a3057e8f01b90d49cca9ca566b1ea23d8920038760f44e75b90c62b9d5f",
                "sha256:59f5332f86f3ccd3ac94674fe91eae6e8aca26da7c6588917cabd0fe22af106d",
                "sha256:72be07a21b0f379987c4ec59bc86834a9719a2f9cfb49606a4d4e34dae9aa549",
                "sha256:7b3b8c015e545fa30e42205fc1115b7c6afcb6acec790ce3f330a06323730523",
                "sha256:7fbb6389c20aff4c3257e89bb1787effffcaf05c32d937c00094ae45846bffd5",
                "sha256:828d9911acc483672a2bae1cc1bf79f591eb3338faad1f2c798aa2f45459a318",
                "sha256:a9460dac973deccc6ff2d90f18fd105cbaada147f84e5917ed79374dcb237758",
                "sha256:aade50f9a1b9d20f6aabe88e8999b10db57218f5c31950160f3f7957dd64e07c",
                "sha256:ac9e5b282d1f0771a8310ed974afe1961ec31e9ae787d052c0e504ea46ae323a",
                "sha256:ba41bd21b89c6713f7077b5f7d4a1c452989190aad5704e215560a266a1ecbab",
                "sha256:c309dbbd6c155e961bfd6893496afa5cd184cce6f7dffd87ea68ee048b6f97e1",
                "sha256:cfc21b1f80d4655ffa776c505a2576b4d148bbc52bb3e33fedbf6cfbdbc09d1b",
                "sha256:d7b26e0b6d81bf14c1239e6a891ac1303a7e882512d990ec330369c7269226d7",
                "sha256:f8b7a3e05235ce58a38bf317f71a5cb4ab45d3b34dc57421dd8cea48e0e4023e"
            ],
            "version": "==4.19.19"
        },
        "pyqtgraph": {
            "hashes": [
                "sha256:4c08ab34881fae5ecf9ddfe6c1220b9e41e6d3eb1579a7d8ef501abb8e509251"
            ],
            "index": "pypi",
            "version": "==0.10.0"
        },
        "pyserial": {
            "hashes": [
                "sha256:6e2d401fdee0eab996cf734e67773a0143b932772ca8b42451440cfed942c627",
                "sha256:e0770fadba80c31013896c7e6ef703f72e7834965954a78e71a3049488d4d7d8"
            ],
            "index": "pypi",
            "version": "==3.4"
        },
        "python-dateutil": {
            "hashes": [
                "sha256:73ebfe9dbf22e832286dafa60473e4cd239f8592f699aa5adaf10050e6e1823c",
                "sha256:75bb3f31ea686f1197762692a9ee6a7550b59fc6ca3a1f4b5d7e32fb98e2da2a"
            ],
            "version": "==2.8.1"
        },
        "python-xlib": {
            "hashes": [
                "sha256:044095d1b1a5eab5a79f8d0b66f811a9ac6acd038dd3bae00cb3dbe90b32a7e3",
                "sha256:e4bcb756f4aa05be7b82ee21de0ba04d73414018727b42ebd9fbcf409ea75d13"
            ],
            "markers": "'linux' in sys_platform",
            "version": "==0.29"
        },
        "pyyaml": {
            "hashes": [
                "sha256:02c78d77281d8f8d07a255e57abdbf43b02257f59f50cc6b636937d68efa5dd0",
                "sha256:0dc9f2eb2e3c97640928dec63fd8dc1dd91e6b6ed236bd5ac00332b99b5c2ff9",
                "sha256:124fd7c7bc1e95b1eafc60825f2daf67c73ce7b33f1194731240d24b0d1bf628",
                "sha256:26fcb33776857f4072601502d93e1a619f166c9c00befb52826e7b774efaa9db",
                "sha256:31ba07c54ef4a897758563e3a0fcc60077698df10180abe4b8165d9895c00ebf",
                "sha256:3c49e39ac034fd64fd576d63bb4db53cda89b362768a67f07749d55f128ac18a",
                "sha256:52bf0930903818e600ae6c2901f748bc4869c0c406056f679ab9614e5d21a166",
                "sha256:5a3f345acff76cad4aa9cb171ee76c590f37394186325d53d1aa25318b0d4a09",
                "sha256:5e7ac4e0e79a53451dc2814f6876c2fa6f71452de1498bbe29c0b54b69a986f4",
                "sha256:7242790ab6c20316b8e7bb545be48d7ed36e26bbe279fd56f2c4a12510e60b4b",
                "sha256:737bd70e454a284d456aa1fa71a0b429dd527bcbf52c5c33f7c8eee81ac16b89",
                "sha256:8635d53223b1f561b081ff4adecb828fd484b8efffe542edcfdff471997f7c39",
                "sha256:8b818b6c5a920cbe4203b5a6b14256f0e5244338244560da89b7b0f1313ea4b6",
                "sha256:8bf38641b4713d77da19e91f8b5296b832e4db87338d6aeffe422d42f1ca896d",
                "sha256:a36a48a51e5471513a5aea920cdad84cbd56d70a5057cca3499a637496ea379c",
                "sha256:b2243dd033fd02c01212ad5c601dafb44fbb293065f430b0d3dbf03f3254d615",
                "sha256:cc547d3ead3754712223abb7b403f0a184e4c3eae18c9bb7fd15adef1597cc4b",
                "sha256:cc552b6434b90d9dbed6a4f13339625dc466fd82597119897e9489c953acbc22",
                "sha256:f3790156c606299ff499ec44db422f66f05a7363b39eb9d5b064f17bd7d7c47b",
                "sha256:f7a21e3d99aa3095ef0553e7ceba36fb693998fbb1226f1392ce33681047465f",
                "sha256:fdc6b2cb4b19e431994f25a9160695cc59a4e861710cc6fc97161c5e845fc579"
            ],
            "index": "pypi",
            "version": "==5.4"
        },
        "qdarkstyle": {
            "hashes": [
                "sha256:0b30e55672d51abdf74710991d6abfd22584a13c1298a09108c6056411111a8f",
                "sha256:96b14cd0440a0f73db4e14c5accdaa08072625d0395ae011d444508cbd73eb9e"
            ],
            "index": "pypi",
            "version": "==2.6.5"
        },
        "scikit-learn": {
            "hashes": [
                "sha256:0567a2d29ad08af98653300c623bd8477b448fe66ced7198bef4ed195925f082",
                "sha256:087dfede39efb06ab30618f9ab55a0397f29c38d63cd0ab88d12b500b7d65fd7",
                "sha256:1adf483e91007a87171d7ce58c34b058eb5dab01b5fee6052f15841778a8ecd8",
                "sha256:259ec35201e82e2db1ae2496f229e63f46d7f1695ae68eef9350b00dc74ba52f",
                "sha256:3c4f07f47c04e81b134424d53c3f5e16dfd7f494e44fd7584ba9ce9de2c5e6c1",
                "sha256:4562dcf4793e61c5d0f89836d07bc37521c3a1889da8f651e2c326463c4bd697",
                "sha256:4ddd2b6f7449a5d539ff754fa92d75da22de261fd8fdcfb3596799fadf255101",
                "sha256:54be0a60a5a35005ad69c75902e0f5c9f699db4547ead427e97ef881c3242e6f",
                "sha256:5580eba7345a4d3b097be2f067cc71a306c44bab19e8717a30361f279c929bea",
                "sha256:7b04691eb2f41d2c68dbda8d1bd3cb4ef421bdc43aaa56aeb6c762224552dfb6",
                "sha256:826b92bf45b8ad80444814e5f4ac032156dd481e48d7da33d611f8fe96d5f08b",
                "sha256:83b21ff053b1ff1c018a2d24db6dd3ea339b1acfbaa4d9c881731f43748d8b3b",
                "sha256:8772b99d683be8f67fcc04789032f1b949022a0e6880ee7b75a7ec97dbbb5d0b",
                "sha256:895dbf2030aa7337649e36a83a007df3c9811396b4e2fa672a851160f36ce90c",
                "sha256:8aa1b3ac46b80eaa552b637eeadbbce3be5931e4b5002b964698e33a1b589e1e",
                "sha256:9599a3f3bf33f73fed0fe06d1dfa4e6081365a58c1c807acb07271be0dce9733",
                "sha256:99349d77f54e11f962d608d94dfda08f0c9e5720d97132233ebdf35be2858b2d",
                "sha256:9a24d1ccec2a34d4cd3f2a1f86409f3f5954cc23d4d2270ba0d03cf018aa4780",
                "sha256:9bed8a1ef133c8e2f13966a542cb8125eac7f4b67dcd234197c827ba9c7dd3e0",
                "sha256:9c6097b6a9b2bafc5e0f31f659e6ab5e131383209c30c9e978c5b8abdac5ed2a",
                "sha256:9dfa564ef27e8e674aa1cc74378416d580ac4ede1136c13dd555a87996e13422",
                "sha256:a0334a1802e64d656022c3bfab56a73fbd6bf4b1298343f3688af2151810bbdf",
                "sha256:a29460499c1e62b7a830bb57ca42e615375a6ab1bcad053cd25b493588348ea8",
                "sha256:a36e159a0521e13bbe15ca8c8d038b3a1dd4c7dad18d276d76992e03b92cf643",
                "sha256:abe835a851610f87201819cb315f8d554e1a3e8128912783a31e87264ba5ffb7",
                "sha256:c13ebac42236b1c46397162471ea1c46af68413000e28b9309f8c05722c65a09",
                "sha256:c3deb3b19dd9806acf00cf0d400e84562c227723013c33abefbbc3cf906596e9",
                "sha256:c658432d8a20e95398f6bb95ff9731ce9dfa343fdf21eea7ec6a7edfacd4b4d9",
                "sha256:c7f4eb77504ac586d8ac1bde1b0c04b504487210f95297235311a0ab7edd7e38",
                "sha256:d54dbaadeb1425b7d6a66bf44bee2bb2b899fe3e8850b8e94cfb9c904dcb46d0",
                "sha256:ddb52d088889f5596bc4d1de981f2eca106b58243b6679e4782f3ba5096fd645",
                "sha256:ed9d65594948678827f4ff0e7ae23344e2f2b4cabbca057ccaed3118fdc392ca",
                "sha256:fab31f48282ebf54dd69f6663cd2d9800096bad1bb67bbc9c9ac84eb77b41972"
            ],
            "version": "==0.24.1"
        },
        "scipy": {
            "hashes": [
                "sha256:168c45c0c32e23f613db7c9e4e780bc61982d71dcd406ead746c7c7c2f2004ce",
                "sha256:213bc59191da2f479984ad4ec39406bf949a99aba70e9237b916ce7547b6ef42",
                "sha256:25b241034215247481f53355e05f9e25462682b13bd9191359075682adcd9554",
                "sha256:2c872de0c69ed20fb1a9b9cf6f77298b04a26f0b8720a5457be08be254366c6e",
                "sha256:3397c129b479846d7eaa18f999369a24322d008fac0782e7828fa567358c36ce",
                "sha256:368c0f69f93186309e1b4beb8e26d51dd6f5010b79264c0f1e9ca00cd92ea8c9",
                "sha256:3d5db5d815370c28d938cf9b0809dade4acf7aba57eaf7ef733bfedc9b2474c4",
                "sha256:4598cf03136067000855d6b44d7a1f4f46994164bcd450fb2c3d481afc25dd06",
                "sha256:4a453d5e5689de62e5d38edf40af3f17560bfd63c9c5bd228c18c1f99afa155b",
                "sha256:4f12d13ffbc16e988fa40809cbbd7a8b45bc05ff6ea0ba8e3e41f6f4db3a9e47",
                "sha256:634568a3018bc16a83cda28d4f7aed0d803dd5618facb36e977e53b2df868443",
                "sha256:65923bc3809524e46fb7eb4d6346552cbb6a1ffc41be748535aa502a2e3d3389",
                "sha256:6b0ceb23560f46dd236a8ad4378fc40bad1783e997604ba845e131d6c680963e",
                "sha256:8c8d6ca19c8497344b810b0b0344f8375af5f6bb9c98bd42e33f747417ab3f57",
                "sha256:9ad4fcddcbf5dc67619379782e6aeef41218a79e17979aaed01ed099876c0e62",
                "sha256:a254b98dbcc744c723a838c03b74a8a34c0558c9ac5c86d5561703362231107d",
                "sha256:b03c4338d6d3d299e8ca494194c0ae4f611548da59e3c038813f1a43976cb437",
                "sha256:cc1f78ebc982cd0602c9a7615d878396bec94908db67d4ecddca864d049112f2",
                "sha256:d6d25c41a009e3c6b7e757338948d0076ee1dd1770d1c09ec131f11946883c54",
                "sha256:d84cadd7d7998433334c99fa55bcba0d8b4aeff0edb123b2a1dfcface538e474",
                "sha256:e360cb2299028d0b0d0f65a5c5e51fc16a335f1603aa2357c25766c8dab56938",
                "sha256:e98d49a5717369d8241d6cf33ecb0ca72deee392414118198a8e5b4c35c56340",
                "sha256:ed572470af2438b526ea574ff8f05e7f39b44ac37f712105e57fc4d53a6fb660",
                "sha256:f87b39f4d69cf7d7529d7b1098cb712033b17ea7714aed831b95628f483fd012",
                "sha256:fa789583fc94a7689b45834453fec095245c7e69c58561dc159b5d5277057e4c"
            ],
            "version": "==1.5.4"
        },
        "six": {
            "hashes": [
                "sha256:30639c035cdb23534cd4aa2dd52c3bf48f06e5f4a941509c8bafd8ce11080259",
                "sha256:8b74bedcbbbaca38ff6d7491d76f2b06b3592611af620f8426e82dddb04a5ced"
            ],
            "version": "==1.15.0"
        },
        "sklearn": {
            "hashes": [
                "sha256:e23001573aa194b834122d2b9562459bf5ae494a2d59ca6b8aa22c85a44c0e31"
            ],
            "index": "pypi",
            "version": "==0.0"
        },
        "tensorboard": {
            "hashes": [
                "sha256:53d8f40589c903dae65f39a799c2bc49defae3703754984d90613d26ebd714a4",
                "sha256:b664fe7772be5670d8b04200342e681af7795a12cd752709aed565c06c0cc196"
            ],
            "version": "==1.13.1"
        },
        "tensorflow": {
            "hashes": [
                "sha256:0de5887495c20e1130ae4d9bcfaf80cec87f579a9c27a84141a588a46e5aa853",
                "sha256:0f305f3c461ed2ce5e0b65fccc7b7452f483c7935dd8a52a466d622e642fdea8",
                "sha256:4325f20b5a703b80a5f7a8807f07ad8735025bd2a947093ffff1c26fbdc7980b",
                "sha256:4c86be0e476b64cedf4ffa059d71b764e75b895effb697345687e3057929a7b5",
                "sha256:6b0a0a413390302ce7c22c98695983d6fb8406861cfb418b25536f57a96c0b89",
                "sha256:77eec2351d0a9b5312ea01ee4c78c13996f249cf1bead2e68256a65e533f45ef",
                "sha256:87bf719a564f11d63e4f614e933e5a612dd4e67c88266b774236e0982f5fcf69",
                "sha256:ba29e66331cd2a8f824e0fa937ce44bd624bc37739f2f083694e473051d89ace",
                "sha256:bc374f5a662b6e164cd1c4da61ccc752ec208a44893d2f9dcf47d2a0a2cef311",
                "sha256:bcf86966b7554e407bb7d73341f2e108df62a910d40b4cd2a914867f2a5de51c",
                "sha256:c3abffd51c168cfd62a557243c47a29ab48deb52a64465e6818060f20755ddb4",
                "sha256:c41862c65628261229db22e33f9e570d845eeb5cea66dcbaebe404405edaa69b",
                "sha256:d7341617aedd73c2c847755e87697e9c19eb625c73da26d6cd669220c5565119",
                "sha256:de0425b58cb34006e4500565239b4c3a3055b95bff132f097fa46c87d8e463c9",
                "sha256:f21fb65c8e874f40c654bc9b3ff3db3ec26f98f03fe64a541bc768f6f5c52ac2"
            ],
            "index": "pypi",
            "version": "==1.13.1"
        },
        "tensorflow-estimator": {
            "hashes": [
                "sha256:7cfdaa3e83e3532f31713713feb98be7ea9f3065722be4267e49b6c301271419"
            ],
            "version": "==1.13.0"
        },
        "termcolor": {
            "hashes": [
                "sha256:1d6d69ce66211143803fbc56652b41d73b4a400a2891d7bf7a1cdf4c02de613b"
            ],
            "version": "==1.1.0"
        },
        "threadpoolctl": {
            "hashes": [
                "sha256:38b74ca20ff3bb42caca8b00055111d74159ee95c4370882bbff2b93d24da725",
                "sha256:ddc57c96a38beb63db45d6c159b5ab07b6bced12c45a1f07b2b92f272aebfa6b"
            ],
            "version": "==2.1.0"
        },
        "toml": {
            "hashes": [
                "sha256:806143ae5bfb6a3c6e736a764057db0e6a0e05e338b5630894a5f779cabb4f9b",
                "sha256:b3bda1d108d5dd99f4a20d24d9c348e91c4db7ab1b749200bded2f839ccbe68f"
            ],
            "version": "==0.10.2"
        },
        "typing-extensions": {
            "hashes": [
                "sha256:7cb407020f00f7bfc3cb3e7881628838e69d8f3fcab2f64742a5e76b2f841918",
                "sha256:99d4073b617d30288f569d3f13d2bd7548c3a7e4c8de87db09a9d29bb3a4a60c",
                "sha256:dafc7639cde7f1b6e1acc0f457842a83e722ccca8eef5270af2d74792619a89f"
            ],
            "markers": "python_version < '3.8'",
            "version": "==3.7.4.3"
        },
        "werkzeug": {
            "hashes": [
                "sha256:2de2a5db0baeae7b2d2664949077c2ac63fbd16d98da0ff71837f7d1dea3fd43",
                "sha256:6c80b1e5ad3665290ea39320b91e1be1e0d5f60652b964a3070216de83d2e47c"
            ],
            "version": "==1.0.1"
        },
        "wheel": {
            "hashes": [
                "sha256:78b5b185f0e5763c26ca1e324373aadd49182ca90e825f7853f4b2509215dc0e",
                "sha256:e11eefd162658ea59a60a0f6c7d493a7190ea4b9a85e335b33489d9f17e0245e"
            ],
            "markers": "python_version >= '3'",
            "version": "==0.36.2"
        },
        "zipp": {
            "hashes": [
                "sha256:3607921face881ba3e026887d8150cca609d517579abe052ac81fc5aeffdbd76",
                "sha256:51cb66cc54621609dd593d1787f286ee42a5c0adbb4b29abea5a63edc3e03098"
            ],
            "version": "==3.4.1"
        }
    },
    "develop": {}
}
